{
  "name": "webgazer-www",
  "version": "3.0.0",
  "lockfileVersion": 2,
  "requires": true,
  "packages": {
    "": {
      "name": "webgazer-www",
      "version": "3.0.0",
      "dependencies": {
        "webgazer": "file:.."
      }
    },
    "..": {
      "name": "webgazer",
      "version": "3.0.0",
      "license": "GPL-3.0-or-later",
      "dependencies": {
        "@tensorflow-models/face-landmarks-detection": "0.0.3",
        "@tensorflow/tfjs": "^3.15.0",
        "localforage": "1.7.3",
        "regression": "2.0.1"
      },
      "devDependencies": {
        "browser-sync": "^2.26.14",
        "chai": "^4.2.0",
        "file-loader": "^6.0.0",
        "husky": "^4.2.5",
        "jsdoc": "^3.6.5",
        "mocha": "^8.1.1",
        "ndb": "^1.1.5",
        "parallel-webpack": "2.6.0",
        "puppeteer": "^13.0.0",
        "rimraf": "2.6.3",
        "webpack": "4.44.1",
        "webpack-cli": "3.3.12",
        "yarnhook": "^0.4.3"
      }
    },
    "node_modules/webgazer": {
      "resolved": "..",
      "link": true
    }
  },
  "dependencies": {
    "webgazer": {
      "version": "file:..",
      "requires": {
        "@tensorflow-models/face-landmarks-detection": "0.0.3",
        "@tensorflow/tfjs": "^3.15.0",
        "browser-sync": "^2.26.14",
        "chai": "^4.2.0",
        "file-loader": "^6.0.0",
        "husky": "^4.2.5",
        "jsdoc": "^3.6.5",
        "localforage": "1.7.3",
        "mocha": "^8.1.1",
        "ndb": "^1.1.5",
        "parallel-webpack": "2.6.0",
        "puppeteer": "^13.0.0",
        "regression": "2.0.1",
        "rimraf": "2.6.3",
        "webpack": "4.44.1",
        "webpack-cli": "3.3.12",
        "yarnhook": "^0.4.3"
      }
    }
  }
}
